Microsoft Visual Studio Solution File, Format Version 12.00
# Visual Studio 2012
Project("{FAE04EC0-301F-11D3-BF4B-00C04F79EFBC}") = "KiawaService", "KiawaService.csproj", "{3199B1E1-3378-4C81-A070-F152A0851AAB}"
EndProject
Global
	GlobalSection(SolutionConfigurationPlatforms) = preSolution
	Debug|Any CPU = Debug|Any CPU
	ExportDebug|Any CPU = ExportDebug|Any CPU
	ExportRelease|Any CPU = ExportRelease|Any CPU
	EndGlobalSection
	GlobalSection(ProjectConfigurationPlatforms) = postSolution
		{3199B1E1-3378-4C81-A070-F152A0851AAB}.Debug|Any CPU.ActiveCfg = Debug|Any CPU
		{3199B1E1-3378-4C81-A070-F152A0851AAB}.Debug|Any CPU.Build.0 = Debug|Any CPU
		{3199B1E1-3378-4C81-A070-F152A0851AAB}.ExportDebug|Any CPU.ActiveCfg = ExportDebug|Any CPU
		{3199B1E1-3378-4C81-A070-F152A0851AAB}.ExportDebug|Any CPU.Build.0 = ExportDebug|Any CPU
		{3199B1E1-3378-4C81-A070-F152A0851AAB}.ExportRelease|Any CPU.ActiveCfg = ExportRelease|Any CPU
		{3199B1E1-3378-4C81-A070-F152A0851AAB}.ExportRelease|Any CPU.Build.0 = ExportRelease|Any CPU
	EndGlobalSection
EndGlobal
